{
    "_meta": {
        "hash": {
            "sha256": "2503b118191e2742a7b420e5d46af474995029b4a176eab39ecfb6bbf4c8487b"
        },
        "host-environment-markers": {
            "implementation_name": "cpython",
            "implementation_version": "3.6.3",
            "os_name": "posix",
            "platform_machine": "x86_64",
            "platform_python_implementation": "CPython",
            "platform_release": "4.13.14-2-MANJARO",
            "platform_system": "Linux",
            "platform_version": "#1 SMP PREEMPT Sat Nov 18 14:25:40 UTC 2017",
            "python_full_version": "3.6.3",
            "python_version": "3.6",
            "sys_platform": "linux"
        },
        "pipfile-spec": 6,
        "requires": {
            "python_version": "3.6"
        },
        "sources": [
            {
                "name": "pypi",
                "url": "https://pypi.doubanio.com/simple/",
                "verify_ssl": true
            }
        ]
    },
    "default": {
        "coverage": {
            "hashes": [],
            "version": "==4.4.2"
        },
        "py": {
            "hashes": [],
            "version": "==1.5.2"
        },
        "pytest": {
            "hashes": [],
            "version": "==3.2.5"
        },
        "pytest-cov": {
            "hashes": [],
            "version": "==2.5.1"
        },
        "pytest-sugar": {
            "hashes": [],
            "version": "==0.9.0"
        },
        "termcolor": {
            "hashes": [],
            "version": "==1.1.0"
        }
    },
    "develop": {
        "py": {
            "hashes": [],
            "version": "==1.5.2"
        },
        "pytest": {
            "hashes": [],
            "version": "==3.2.5"
        }
    }
}
